
Microsoft Visual Studio Solution File, Format Version 12.00
# Visual Studio Version 17
VisualStudioVersion = 17.4.33205.214
MinimumVisualStudioVersion = 10.0.40219.1
Project("{FAE04EC0-301F-11D3-BF4B-00C04F79EFBC}") = "SeniorBackend", "SeniorBackend\SeniorBackend.csproj", "{A46B3394-37BE-477D-B09E-BFC45EBDD765}"
EndProject
Global
	GlobalSection(SolutionConfigurationPlatforms) = preSolution
		Debug|Any CPU = Debug|Any CPU
		Release|Any CPU = Release|Any CPU
	EndGlobalSection
	GlobalSection(ProjectConfigurationPlatforms) = postSolution
		{A46B3394-37BE-477D-B09E-BFC45EBDD765}.Debug|Any CPU.ActiveCfg = Debug|Any CPU
		{A46B3394-37BE-477D-B09E-BFC45EBDD765}.Debug|Any CPU.Build.0 = Debug|Any CPU
		{A46B3394-37BE-477D-B09E-BFC45EBDD765}.Release|Any CPU.ActiveCfg = Release|Any CPU
		{A46B3394-37BE-477D-B09E-BFC45EBDD765}.Release|Any CPU.Build.0 = Release|Any CPU
	EndGlobalSection
	GlobalSection(SolutionProperties) = preSolution
		HideSolutionNode = FALSE
	EndGlobalSection
	GlobalSection(ExtensibilityGlobals) = postSolution
		SolutionGuid = {FEA03484-89B1-47B1-A836-8404DDB37957}
	EndGlobalSection
EndGlobal
